
Microsoft Visual Studio Solution File, Format Version 12.00
# Visual Studio Version 17
VisualStudioVersion = 17.14.36518.9 d17.14
MinimumVisualStudioVersion = 10.0.40219.1
Project("{FAE04EC0-301F-11D3-BF4B-00C04F79EFBC}") = "ztmApp", "ztmApp\ztmApp.csproj", "{7E28BCA1-213E-44E7-9202-E8A84DC17605}"
EndProject
Global
	GlobalSection(SolutionConfigurationPlatforms) = preSolution
		Debug|Any CPU = Debug|Any CPU
		Release|Any CPU = Release|Any CPU
	EndGlobalSection
	GlobalSection(ProjectConfigurationPlatforms) = postSolution
		{7E28BCA1-213E-44E7-9202-E8A84DC17605}.Debug|Any CPU.ActiveCfg = Debug|Any CPU
		{7E28BCA1-213E-44E7-9202-E8A84DC17605}.Debug|Any CPU.Build.0 = Debug|Any CPU
		{7E28BCA1-213E-44E7-9202-E8A84DC17605}.Release|Any CPU.ActiveCfg = Release|Any CPU
		{7E28BCA1-213E-44E7-9202-E8A84DC17605}.Release|Any CPU.Build.0 = Release|Any CPU
	EndGlobalSection
	GlobalSection(SolutionProperties) = preSolution
		HideSolutionNode = FALSE
	EndGlobalSection
	GlobalSection(ExtensibilityGlobals) = postSolution
		SolutionGuid = {75A7C4AD-B78E-4521-A76B-0EA3E831075B}
	EndGlobalSection
EndGlobal
